{
  "name": "markupsidedown-converter",
  "lockfileVersion": 3,
  "requires": true,
  "packages": {
    "": {
      "name": "markupsidedown-converter",
      "devDependencies": {
        "@cloudflare/workers-types": "^5.20260812.1"
      }
    },
    "node_modules/@cloudflare/workers-types": {
      "version": "5.20260812.1",
      "resolved": "https://registry.npmjs.org/@cloudflare/workers-types/-/workers-types-5.20260812.1.tgz",
      "integrity": "sha512-eG2aQdUWH8RYEubpBjUE98L2G57JYzGEcI8PgROTjt9YjunbEnPBHP4371Usj8v8pTWcXtbOmI+LRCXF4KhJgQ==",
      "dev": true,
      "license": "MIT OR Apache-2.0"
    }
  }
}
