{
  "name": "markupsidedown-converter",
  "lockfileVersion": 3,
  "requires": true,
  "packages": {
    "": {
      "name": "markupsidedown-converter",
      "devDependencies": {
        "@cloudflare/workers-types": "^4.20260606.1"
      }
    },
    "node_modules/@cloudflare/workers-types": {
      "version": "4.20260606.1",
      "resolved": "https://registry.npmjs.org/@cloudflare/workers-types/-/workers-types-4.20260606.1.tgz",
      "integrity": "sha512-0FFUsixapowVJcAjRlXLb6UEZG1caUlSuUX1KHhKgWgjKxq20dY5XeCS5lKPqgc80XJ9puwffJ2H1U6Fwr5N1g==",
      "dev": true,
      "license": "MIT OR Apache-2.0"
    }
  }
}
