{
  "name": "markupsidedown-converter",
  "lockfileVersion": 3,
  "requires": true,
  "packages": {
    "": {
      "name": "markupsidedown-converter",
      "devDependencies": {
        "@cloudflare/workers-types": "^5.20260902.1"
      }
    },
    "node_modules/@cloudflare/workers-types": {
      "version": "5.20260902.1",
      "resolved": "https://registry.npmjs.org/@cloudflare/workers-types/-/workers-types-5.20260902.1.tgz",
      "integrity": "sha512-FpgVlUNWBLPtC51m/t9Eo8DzbFoOg05MSicoPQRS3eitvPRznJxkxuCy0P23unP2CjLIAczLR5nFNRWlKMJvrA==",
      "dev": true,
      "license": "MIT OR Apache-2.0"
    }
  }
}
